// !$*UTF8*$!
{
	archiveVersion = 1;
	classes = {
	};
	objectVersion = 46;
	objects = {

/* Begin PBXBuildFile section */
		319A7A2D1983565800E94C62 /* AppDelegate.swift in Sources */ = {isa = PBXBuildFile; fileRef = 319A7A2C1983565800E94C62 /* AppDelegate.swift */; };
		319A7A2F1983565800E94C62 /* ViewController.swift in Sources */ = {isa = PBXBuildFile; fileRef = 319A7A2E1983565800E94C62 /* ViewController.swift */; };
		319A7A321983565800E94C62 /* Main.storyboard in Resources */ = {isa = PBXBuildFile; fileRef = 319A7A301983565800E94C62 /* Main.storyboard */; };
		319A7A341983565800E94C62 /* Images.xcassets in Resources */ = {isa = PBXBuildFile; fileRef = 319A7A331983565800E94C62 /* Images.xcassets */; };
		319A7A401983565800E94C62 /* quickshotTests.swift in Sources */ = {isa = PBXBuildFile; fileRef = 319A7A3F1983565800E94C62 /* quickshotTests.swift */; };
		319A7A4C1983606E00E94C62 /* InputViewController.swift in Sources */ = {isa = PBXBuildFile; fileRef = 319A7A4B1983606E00E94C62 /* InputViewController.swift */; };
		319A7A4E1983608E00E94C62 /* PlayerViewController.swift in Sources */ = {isa = PBXBuildFile; fileRef = 319A7A4D1983608E00E94C62 /* PlayerViewController.swift */; };
		319A7A50198360A600E94C62 /* BangViewController.swift in Sources */ = {isa = PBXBuildFile; fileRef = 319A7A4F198360A600E94C62 /* BangViewController.swift */; };
		319A7A52198360F600E94C62 /* RoomViewController.swift in Sources */ = {isa = PBXBuildFile; fileRef = 319A7A51198360F600E94C62 /* RoomViewController.swift */; };
		8298E7EE1983B5A80099448C /* battle.png in Resources */ = {isa = PBXBuildFile; fileRef = 8298E7D41983B5A80099448C /* battle.png */; };
		8298E7EF1983B5A80099448C /* BG.png in Resources */ = {isa = PBXBuildFile; fileRef = 8298E7D51983B5A80099448C /* BG.png */; };
		8298E7F01983B5A80099448C /* button_1.png in Resources */ = {isa = PBXBuildFile; fileRef = 8298E7D61983B5A80099448C /* button_1.png */; };
		8298E7F11983B5A80099448C /* button_2.png in Resources */ = {isa = PBXBuildFile; fileRef = 8298E7D71983B5A80099448C /* button_2.png */; };
		8298E7F21983B5A80099448C /* button_3.png in Resources */ = {isa = PBXBuildFile; fileRef = 8298E7D81983B5A80099448C /* button_3.png */; };
		8298E7F31983B5A80099448C /* button_4.png in Resources */ = {isa = PBXBuildFile; fileRef = 8298E7D91983B5A80099448C /* button_4.png */; };
		8298E7F41983B5A80099448C /* button_5.png in Resources */ = {isa = PBXBuildFile; fileRef = 8298E7DA1983B5A80099448C /* button_5.png */; };
		8298E7F51983B5A80099448C /* button_6.png in Resources */ = {isa = PBXBuildFile; fileRef = 8298E7DB1983B5A80099448C /* button_6.png */; };
		8298E7F61983B5A80099448C /* button_7.png in Resources */ = {isa = PBXBuildFile; fileRef = 8298E7DC1983B5A80099448C /* button_7.png */; };
		8298E7F71983B5A80099448C /* button_8.png in Resources */ = {isa = PBXBuildFile; fileRef = 8298E7DD1983B5A80099448C /* button_8.png */; };
		8298E7F81983B5A80099448C /* button_9.png in Resources */ = {isa = PBXBuildFile; fileRef = 8298E7DE1983B5A80099448C /* button_9.png */; };
		8298E7F91983B5A80099448C /* hackathon_title2.png in Resources */ = {isa = PBXBuildFile; fileRef = 8298E7DF1983B5A80099448C /* hackathon_title2.png */; };
		8298E7FA1983B5A80099448C /* hackathon_type2.png in Resources */ = {isa = PBXBuildFile; fileRef = 8298E7E01983B5A80099448C /* hackathon_type2.png */; };
		8298E7FB1983B5A80099448C /* line.png in Resources */ = {isa = PBXBuildFile; fileRef = 8298E7E11983B5A80099448C /* line.png */; };
		8298E7FC1983B5A80099448C /* screen_button.png in Resources */ = {isa = PBXBuildFile; fileRef = 8298E7E21983B5A80099448C /* screen_button.png */; };
		8298E7FD1983B5A80099448C /* screen_lose.png in Resources */ = {isa = PBXBuildFile; fileRef = 8298E7E31983B5A80099448C /* screen_lose.png */; };
		8298E7FE1983B5A80099448C /* screen_shot.png in Resources */ = {isa = PBXBuildFile; fileRef = 8298E7E41983B5A80099448C /* screen_shot.png */; };
		8298E7FF1983B5A80099448C /* screen_title.png in Resources */ = {isa = PBXBuildFile; fileRef = 8298E7E51983B5A80099448C /* screen_title.png */; };
		8298E8001983B5A80099448C /* screen_type_sample.png in Resources */ = {isa = PBXBuildFile; fileRef = 8298E7E61983B5A80099448C /* screen_type_sample.png */; };
		8298E8011983B5A80099448C /* screen_type.png in Resources */ = {isa = PBXBuildFile; fileRef = 8298E7E71983B5A80099448C /* screen_type.png */; };
		8298E8021983B5A80099448C /* screen_win.png in Resources */ = {isa = PBXBuildFile; fileRef = 8298E7E81983B5A80099448C /* screen_win.png */; };
		8298E8031983B5A80099448C /* shot.png in Resources */ = {isa = PBXBuildFile; fileRef = 8298E7E91983B5A80099448C /* shot.png */; };
		8298E8041983B5A80099448C /* splatter.png in Resources */ = {isa = PBXBuildFile; fileRef = 8298E7EA1983B5A80099448C /* splatter.png */; };
		8298E8051983B5A80099448C /* title.png in Resources */ = {isa = PBXBuildFile; fileRef = 8298E7EB1983B5A80099448C /* title.png */; };
		8298E8061983B5A80099448C /* training.png in Resources */ = {isa = PBXBuildFile; fileRef = 8298E7EC1983B5A80099448C /* training.png */; };
		8298E8071983B5A80099448C /* win.png in Resources */ = {isa = PBXBuildFile; fileRef = 8298E7ED1983B5A80099448C /* win.png */; };
/* End PBXBuildFile section */

/* Begin PBXContainerItemProxy section */
		319A7A3A1983565800E94C62 /* PBXContainerItemProxy */ = {
			isa = PBXContainerItemProxy;
			containerPortal = 319A7A1F1983565800E94C62 /* Project object */;
			proxyType = 1;
			remoteGlobalIDString = 319A7A261983565800E94C62;
			remoteInfo = quickshot;
		};
/* End PBXContainerItemProxy section */

/* Begin PBXFileReference section */
		319A7A271983565800E94C62 /* quickshot.app */ = {isa = PBXFileReference; explicitFileType = wrapper.application; includeInIndex = 0; path = quickshot.app; sourceTree = BUILT_PRODUCTS_DIR; };
		319A7A2B1983565800E94C62 /* Info.plist */ = {isa = PBXFileReference; lastKnownFileType = text.plist.xml; path = Info.plist; sourceTree = "<group>"; };
		319A7A2C1983565800E94C62 /* AppDelegate.swift */ = {isa = PBXFileReference; lastKnownFileType = sourcecode.swift; path = AppDelegate.swift; sourceTree = "<group>"; };
		319A7A2E1983565800E94C62 /* ViewController.swift */ = {isa = PBXFileReference; lastKnownFileType = sourcecode.swift; path = ViewController.swift; sourceTree = "<group>"; };
		319A7A311983565800E94C62 /* Base */ = {isa = PBXFileReference; lastKnownFileType = file.storyboard; name = Base; path = Base.lproj/Main.storyboard; sourceTree = "<group>"; };
		319A7A331983565800E94C62 /* Images.xcassets */ = {isa = PBXFileReference; lastKnownFileType = folder.assetcatalog; path = Images.xcassets; sourceTree = "<group>"; };
		319A7A391983565800E94C62 /* quickshotTests.xctest */ = {isa = PBXFileReference; explicitFileType = wrapper.cfbundle; includeInIndex = 0; path = quickshotTests.xctest; sourceTree = BUILT_PRODUCTS_DIR; };
		319A7A3E1983565800E94C62 /* Info.plist */ = {isa = PBXFileReference; lastKnownFileType = text.plist.xml; path = Info.plist; sourceTree = "<group>"; };
		319A7A3F1983565800E94C62 /* quickshotTests.swift */ = {isa = PBXFileReference; lastKnownFileType = sourcecode.swift; path = quickshotTests.swift; sourceTree = "<group>"; };
		319A7A4B1983606E00E94C62 /* InputViewController.swift */ = {isa = PBXFileReference; fileEncoding = 4; lastKnownFileType = sourcecode.swift; path = InputViewController.swift; sourceTree = "<group>"; };
		319A7A4D1983608E00E94C62 /* PlayerViewController.swift */ = {isa = PBXFileReference; fileEncoding = 4; lastKnownFileType = sourcecode.swift; path = PlayerViewController.swift; sourceTree = "<group>"; };
		319A7A4F198360A600E94C62 /* BangViewController.swift */ = {isa = PBXFileReference; fileEncoding = 4; lastKnownFileType = sourcecode.swift; path = BangViewController.swift; sourceTree = "<group>"; };
		319A7A51198360F600E94C62 /* RoomViewController.swift */ = {isa = PBXFileReference; fileEncoding = 4; lastKnownFileType = sourcecode.swift; path = RoomViewController.swift; sourceTree = "<group>"; };
		8298E7D41983B5A80099448C /* battle.png */ = {isa = PBXFileReference; lastKnownFileType = image.png; path = battle.png; sourceTree = "<group>"; };
		8298E7D51983B5A80099448C /* BG.png */ = {isa = PBXFileReference; lastKnownFileType = image.png; path = BG.png; sourceTree = "<group>"; };
		8298E7D61983B5A80099448C /* button_1.png */ = {isa = PBXFileReference; lastKnownFileType = image.png; path = button_1.png; sourceTree = "<group>"; };
		8298E7D71983B5A80099448C /* button_2.png */ = {isa = PBXFileReference; lastKnownFileType = image.png; path = button_2.png; sourceTree = "<group>"; };
		8298E7D81983B5A80099448C /* button_3.png */ = {isa = PBXFileReference; lastKnownFileType = image.png; path = button_3.png; sourceTree = "<group>"; };
		8298E7D91983B5A80099448C /* button_4.png */ = {isa = PBXFileReference; lastKnownFileType = image.png; path = button_4.png; sourceTree = "<group>"; };
		8298E7DA1983B5A80099448C /* button_5.png */ = {isa = PBXFileReference; lastKnownFileType = image.png; path = button_5.png; sourceTree = "<group>"; };
		8298E7DB1983B5A80099448C /* button_6.png */ = {isa = PBXFileReference; lastKnownFileType = image.png; path = button_6.png; sourceTree = "<group>"; };
		8298E7DC1983B5A80099448C /* button_7.png */ = {isa = PBXFileReference; lastKnownFileType = image.png; path = button_7.png; sourceTree = "<group>"; };
		8298E7DD1983B5A80099448C /* button_8.png */ = {isa = PBXFileReference; lastKnownFileType = image.png; path = button_8.png; sourceTree = "<group>"; };
		8298E7DE1983B5A80099448C /* button_9.png */ = {isa = PBXFileReference; lastKnownFileType = image.png; path = button_9.png; sourceTree = "<group>"; };
		8298E7DF1983B5A80099448C /* hackathon_title2.png */ = {isa = PBXFileReference; lastKnownFileType = image.png; path = hackathon_title2.png; sourceTree = "<group>"; };
		8298E7E01983B5A80099448C /* hackathon_type2.png */ = {isa = PBXFileReference; lastKnownFileType = image.png; path = hackathon_type2.png; sourceTree = "<group>"; };
		8298E7E11983B5A80099448C /* line.png */ = {isa = PBXFileReference; lastKnownFileType = image.png; path = line.png; sourceTree = "<group>"; };
		8298E7E21983B5A80099448C /* screen_button.png */ = {isa = PBXFileReference; lastKnownFileType = image.png; path = screen_button.png; sourceTree = "<group>"; };
		8298E7E31983B5A80099448C /* screen_lose.png */ = {isa = PBXFileReference; lastKnownFileType = image.png; path = screen_lose.png; sourceTree = "<group>"; };
		8298E7E41983B5A80099448C /* screen_shot.png */ = {isa = PBXFileReference; lastKnownFileType = image.png; path = screen_shot.png; sourceTree = "<group>"; };
		8298E7E51983B5A80099448C /* screen_title.png */ = {isa = PBXFileReference; lastKnownFileType = image.png; path = screen_title.png; sourceTree = "<group>"; };
		8298E7E61983B5A80099448C /* screen_type_sample.png */ = {isa = PBXFileReference; lastKnownFileType = image.png; path = screen_type_sample.png; sourceTree = "<group>"; };
		8298E7E71983B5A80099448C /* screen_type.png */ = {isa = PBXFileReference; lastKnownFileType = image.png; path = screen_type.png; sourceTree = "<group>"; };
		8298E7E81983B5A80099448C /* screen_win.png */ = {isa = PBXFileReference; lastKnownFileType = image.png; path = screen_win.png; sourceTree = "<group>"; };
		8298E7E91983B5A80099448C /* shot.png */ = {isa = PBXFileReference; lastKnownFileType = image.png; path = shot.png; sourceTree = "<group>"; };
		8298E7EA1983B5A80099448C /* splatter.png */ = {isa = PBXFileReference; lastKnownFileType = image.png; path = splatter.png; sourceTree = "<group>"; };
		8298E7EB1983B5A80099448C /* title.png */ = {isa = PBXFileReference; lastKnownFileType = image.png; path = title.png; sourceTree = "<group>"; };
		8298E7EC1983B5A80099448C /* training.png */ = {isa = PBXFileReference; lastKnownFileType = image.png; path = training.png; sourceTree = "<group>"; };
		8298E7ED1983B5A80099448C /* win.png */ = {isa = PBXFileReference; lastKnownFileType = image.png; path = win.png; sourceTree = "<group>"; };
/* End PBXFileReference section */

/* Begin PBXFrameworksBuildPhase section */
		319A7A241983565800E94C62 /* Frameworks */ = {
			isa = PBXFrameworksBuildPhase;
			buildActionMask = 2147483647;
			files = (
			);
			runOnlyForDeploymentPostprocessing = 0;
		};
		319A7A361983565800E94C62 /* Frameworks */ = {
			isa = PBXFrameworksBuildPhase;
			buildActionMask = 2147483647;
			files = (
			);
			runOnlyForDeploymentPostprocessing = 0;
		};
/* End PBXFrameworksBuildPhase section */

/* Begin PBXGroup section */
		319A7A1E1983565800E94C62 = {
			isa = PBXGroup;
			children = (
				319A7A291983565800E94C62 /* quickshot */,
				319A7A3C1983565800E94C62 /* quickshotTests */,
				319A7A281983565800E94C62 /* Products */,
			);
			sourceTree = "<group>";
		};
		319A7A281983565800E94C62 /* Products */ = {
			isa = PBXGroup;
			children = (
				319A7A271983565800E94C62 /* quickshot.app */,
				319A7A391983565800E94C62 /* quickshotTests.xctest */,
			);
			name = Products;
			sourceTree = "<group>";
		};
		319A7A291983565800E94C62 /* quickshot */ = {
			isa = PBXGroup;
			children = (
				8298E7D41983B5A80099448C /* battle.png */,
				8298E7D51983B5A80099448C /* BG.png */,
				8298E7D61983B5A80099448C /* button_1.png */,
				8298E7D71983B5A80099448C /* button_2.png */,
				8298E7D81983B5A80099448C /* button_3.png */,
				8298E7D91983B5A80099448C /* button_4.png */,
				8298E7DA1983B5A80099448C /* button_5.png */,
				8298E7DB1983B5A80099448C /* button_6.png */,
				8298E7DC1983B5A80099448C /* button_7.png */,
				8298E7DD1983B5A80099448C /* button_8.png */,
				8298E7DE1983B5A80099448C /* button_9.png */,
				8298E7DF1983B5A80099448C /* hackathon_title2.png */,
				8298E7E01983B5A80099448C /* hackathon_type2.png */,
				8298E7E11983B5A80099448C /* line.png */,
				8298E7E21983B5A80099448C /* screen_button.png */,
				8298E7E31983B5A80099448C /* screen_lose.png */,
				8298E7E41983B5A80099448C /* screen_shot.png */,
				8298E7E51983B5A80099448C /* screen_title.png */,
				8298E7E61983B5A80099448C /* screen_type_sample.png */,
				8298E7E71983B5A80099448C /* screen_type.png */,
				8298E7E81983B5A80099448C /* screen_win.png */,
				8298E7E91983B5A80099448C /* shot.png */,
				8298E7EA1983B5A80099448C /* splatter.png */,
				8298E7EB1983B5A80099448C /* title.png */,
				8298E7EC1983B5A80099448C /* training.png */,
				8298E7ED1983B5A80099448C /* win.png */,
				319A7A2C1983565800E94C62 /* AppDelegate.swift */,
				319A7A2E1983565800E94C62 /* ViewController.swift */,
				319A7A301983565800E94C62 /* Main.storyboard */,
				319A7A51198360F600E94C62 /* RoomViewController.swift */,
				319A7A4F198360A600E94C62 /* BangViewController.swift */,
				319A7A4D1983608E00E94C62 /* PlayerViewController.swift */,
				319A7A4B1983606E00E94C62 /* InputViewController.swift */,
				319A7A331983565800E94C62 /* Images.xcassets */,
				319A7A2A1983565800E94C62 /* Supporting Files */,
			);
			path = quickshot;
			sourceTree = "<group>";
		};
		319A7A2A1983565800E94C62 /* Supporting Files */ = {
			isa = PBXGroup;
			children = (
				319A7A2B1983565800E94C62 /* Info.plist */,
			);
			name = "Supporting Files";
			sourceTree = "<group>";
		};
		319A7A3C1983565800E94C62 /* quickshotTests */ = {
			isa = PBXGroup;
			children = (
				319A7A3F1983565800E94C62 /* quickshotTests.swift */,
				319A7A3D1983565800E94C62 /* Supporting Files */,
			);
			path = quickshotTests;
			sourceTree = "<group>";
		};
		319A7A3D1983565800E94C62 /* Supporting Files */ = {
			isa = PBXGroup;
			children = (
				319A7A3E1983565800E94C62 /* Info.plist */,
			);
			name = "Supporting Files";
			sourceTree = "<group>";
		};
/* End PBXGroup section */

/* Begin PBXNativeTarget section */
		319A7A261983565800E94C62 /* quickshot */ = {
			isa = PBXNativeTarget;
			buildConfigurationList = 319A7A431983565800E94C62 /* Build configuration list for PBXNativeTarget "quickshot" */;
			buildPhases = (
				319A7A231983565800E94C62 /* Sources */,
				319A7A241983565800E94C62 /* Frameworks */,
				319A7A251983565800E94C62 /* Resources */,
			);
			buildRules = (
			);
			dependencies = (
			);
			name = quickshot;
			productName = quickshot;
			productReference = 319A7A271983565800E94C62 /* quickshot.app */;
			productType = "com.apple.product-type.application";
		};
		319A7A381983565800E94C62 /* quickshotTests */ = {
			isa = PBXNativeTarget;
			buildConfigurationList = 319A7A461983565800E94C62 /* Build configuration list for PBXNativeTarget "quickshotTests" */;
			buildPhases = (
				319A7A351983565800E94C62 /* Sources */,
				319A7A361983565800E94C62 /* Frameworks */,
				319A7A371983565800E94C62 /* Resources */,
			);
			buildRules = (
			);
			dependencies = (
				319A7A3B1983565800E94C62 /* PBXTargetDependency */,
			);
			name = quickshotTests;
			productName = quickshotTests;
			productReference = 319A7A391983565800E94C62 /* quickshotTests.xctest */;
			productType = "com.apple.product-type.bundle.unit-test";
		};
/* End PBXNativeTarget section */

/* Begin PBXProject section */
		319A7A1F1983565800E94C62 /* Project object */ = {
			isa = PBXProject;
			attributes = {
				LastUpgradeCheck = 0600;
				ORGANIZATIONNAME = "Ayaka Inoue";
				TargetAttributes = {
					319A7A261983565800E94C62 = {
						CreatedOnToolsVersion = 6.0;
					};
					319A7A381983565800E94C62 = {
						CreatedOnToolsVersion = 6.0;
						TestTargetID = 319A7A261983565800E94C62;
					};
				};
			};
			buildConfigurationList = 319A7A221983565800E94C62 /* Build configuration list for PBXProject "quickshot" */;
			compatibilityVersion = "Xcode 3.2";
			developmentRegion = English;
			hasScannedForEncodings = 0;
			knownRegions = (
				en,
				Base,
			);
			mainGroup = 319A7A1E1983565800E94C62;
			productRefGroup = 319A7A281983565800E94C62 /* Products */;
			projectDirPath = "";
			projectRoot = "";
			targets = (
				319A7A261983565800E94C62 /* quickshot */,
				319A7A381983565800E94C62 /* quickshotTests */,
			);
		};
/* End PBXProject section */

/* Begin PBXResourcesBuildPhase section */
		319A7A251983565800E94C62 /* Resources */ = {
			isa = PBXResourcesBuildPhase;
			buildActionMask = 2147483647;
			files = (
				8298E7FD1983B5A80099448C /* screen_lose.png in Resources */,
				8298E7F51983B5A80099448C /* button_6.png in Resources */,
				8298E8051983B5A80099448C /* title.png in Resources */,
				8298E7F11983B5A80099448C /* button_2.png in Resources */,
				8298E7F01983B5A80099448C /* button_1.png in Resources */,
				8298E7FF1983B5A80099448C /* screen_title.png in Resources */,
				8298E7FB1983B5A80099448C /* line.png in Resources */,
				8298E8061983B5A80099448C /* training.png in Resources */,
				8298E7FC1983B5A80099448C /* screen_button.png in Resources */,
				8298E7F21983B5A80099448C /* button_3.png in Resources */,
				8298E7F81983B5A80099448C /* button_9.png in Resources */,
				8298E7F41983B5A80099448C /* button_5.png in Resources */,
				8298E7FA1983B5A80099448C /* hackathon_type2.png in Resources */,
				8298E8011983B5A80099448C /* screen_type.png in Resources */,
				319A7A321983565800E94C62 /* Main.storyboard in Resources */,
				8298E7F71983B5A80099448C /* button_8.png in Resources */,
				8298E7EE1983B5A80099448C /* battle.png in Resources */,
				8298E7EF1983B5A80099448C /* BG.png in Resources */,
				8298E8001983B5A80099448C /* screen_type_sample.png in Resources */,
				8298E8031983B5A80099448C /* shot.png in Resources */,
				8298E7F31983B5A80099448C /* button_4.png in Resources */,
				8298E7F91983B5A80099448C /* hackathon_title2.png in Resources */,
				8298E8021983B5A80099448C /* screen_win.png in Resources */,
				319A7A341983565800E94C62 /* Images.xcassets in Resources */,
				8298E8071983B5A80099448C /* win.png in Resources */,
				8298E7F61983B5A80099448C /* button_7.png in Resources */,
				8298E8041983B5A80099448C /* splatter.png in Resources */,
				8298E7FE1983B5A80099448C /* screen_shot.png in Resources */,
			);
			runOnlyForDeploymentPostprocessing = 0;
		};
		319A7A371983565800E94C62 /* Resources */ = {
			isa = PBXResourcesBuildPhase;
			buildActionMask = 2147483647;
			files = (
			);
			runOnlyForDeploymentPostprocessing = 0;
		};
/* End PBXResourcesBuildPhase section */

/* Begin PBXSourcesBuildPhase section */
		319A7A231983565800E94C62 /* Sources */ = {
			isa = PBXSourcesBuildPhase;
			buildActionMask = 2147483647;
			files = (
				319A7A50198360A600E94C62 /* BangViewController.swift in Sources */,
				319A7A2F1983565800E94C62 /* ViewController.swift in Sources */,
				319A7A4E1983608E00E94C62 /* PlayerViewController.swift in Sources */,
				319A7A52198360F600E94C62 /* RoomViewController.swift in Sources */,
				319A7A2D1983565800E94C62 /* AppDelegate.swift in Sources */,
				319A7A4C1983606E00E94C62 /* InputViewController.swift in Sources */,
			);
			runOnlyForDeploymentPostprocessing = 0;
		};
		319A7A351983565800E94C62 /* Sources */ = {
			isa = PBXSourcesBuildPhase;
			buildActionMask = 2147483647;
			files = (
				319A7A401983565800E94C62 /* quickshotTests.swift in Sources */,
			);
			runOnlyForDeploymentPostprocessing = 0;
		};
/* End PBXSourcesBuildPhase section */

/* Begin PBXTargetDependency section */
		319A7A3B1983565800E94C62 /* PBXTargetDependency */ = {
			isa = PBXTargetDependency;
			target = 319A7A261983565800E94C62 /* quickshot */;
			targetProxy = 319A7A3A1983565800E94C62 /* PBXContainerItemProxy */;
		};
/* End PBXTargetDependency section */

/* Begin PBXVariantGroup section */
		319A7A301983565800E94C62 /* Main.storyboard */ = {
			isa = PBXVariantGroup;
			children = (
				319A7A311983565800E94C62 /* Base */,
			);
			name = Main.storyboard;
			sourceTree = "<group>";
		};
/* End PBXVariantGroup section */

/* Begin XCBuildConfiguration section */
		319A7A411983565800E94C62 /* Debug */ = {
			isa = XCBuildConfiguration;
			buildSettings = {
				ALWAYS_SEARCH_USER_PATHS = NO;
				CLANG_CXX_LANGUAGE_STANDARD = "gnu++0x";
				CLANG_CXX_LIBRARY = "libc++";
				CLANG_ENABLE_MODULES = YES;
				CLANG_ENABLE_OBJC_ARC = YES;
				CLANG_WARN_BOOL_CONVERSION = YES;
				CLANG_WARN_CONSTANT_CONVERSION = YES;
				CLANG_WARN_DIRECT_OBJC_ISA_USAGE = YES_ERROR;
				CLANG_WARN_EMPTY_BODY = YES;
				CLANG_WARN_ENUM_CONVERSION = YES;
				CLANG_WARN_INT_CONVERSION = YES;
				CLANG_WARN_OBJC_ROOT_CLASS = YES_ERROR;
				CLANG_WARN_UNREACHABLE_CODE = YES;
				CLANG_WARN__DUPLICATE_METHOD_MATCH = YES;
				"CODE_SIGN_IDENTITY[sdk=iphoneos*]" = "iPhone Developer";
				COPY_PHASE_STRIP = NO;
				ENABLE_STRICT_OBJC_MSGSEND = YES;
				GCC_C_LANGUAGE_STANDARD = gnu99;
				GCC_DYNAMIC_NO_PIC = NO;
				GCC_OPTIMIZATION_LEVEL = 0;
				GCC_PREPROCESSOR_DEFINITIONS = (
					"DEBUG=1",
					"$(inherited)",
				);
				GCC_SYMBOLS_PRIVATE_EXTERN = NO;
				GCC_WARN_64_TO_32_BIT_CONVERSION = YES;
				GCC_WARN_ABOUT_RETURN_TYPE = YES_ERROR;
				GCC_WARN_UNDECLARED_SELECTOR = YES;
				GCC_WARN_UNINITIALIZED_AUTOS = YES_AGGRESSIVE;
				GCC_WARN_UNUSED_FUNCTION = YES;
				GCC_WARN_UNUSED_VARIABLE = YES;
				IPHONEOS_DEPLOYMENT_TARGET = 8.0;
				MTL_ENABLE_DEBUG_INFO = YES;
				ONLY_ACTIVE_ARCH = YES;
				SDKROOT = iphoneos;
				SWIFT_OPTIMIZATION_LEVEL = "-Onone";
			};
			name = Debug;
		};
		319A7A421983565800E94C62 /* Release */ = {
			isa = XCBuildConfiguration;
			buildSettings = {
				ALWAYS_SEARCH_USER_PATHS = NO;
				CLANG_CXX_LANGUAGE_STANDARD = "gnu++0x";
				CLANG_CXX_LIBRARY = "libc++";
				CLANG_ENABLE_MODULES = YES;
				CLANG_ENABLE_OBJC_ARC = YES;
				CLANG_WARN_BOOL_CONVERSION = YES;
				CLANG_WARN_CONSTANT_CONVERSION = YES;
				CLANG_WARN_DIRECT_OBJC_ISA_USAGE = YES_ERROR;
				CLANG_WARN_EMPTY_BODY = YES;
				CLANG_WARN_ENUM_CONVERSION = YES;
				CLANG_WARN_INT_CONVERSION = YES;
				CLANG_WARN_OBJC_ROOT_CLASS = YES_ERROR;
				CLANG_WARN_UNREACHABLE_CODE = YES;
				CLANG_WARN__DUPLICATE_METHOD_MATCH = YES;
				"CODE_SIGN_IDENTITY[sdk=iphoneos*]" = "iPhone Developer";
				COPY_PHASE_STRIP = YES;
				ENABLE_NS_ASSERTIONS = NO;
				ENABLE_STRICT_OBJC_MSGSEND = YES;
				GCC_C_LANGUAGE_STANDARD = gnu99;
				GCC_WARN_64_TO_32_BIT_CONVERSION = YES;
				GCC_WARN_ABOUT_RETURN_TYPE = YES_ERROR;
				GCC_WARN_UNDECLARED_SELECTOR = YES;
				GCC_WARN_UNINITIALIZED_AUTOS = YES_AGGRESSIVE;
				GCC_WARN_UNUSED_FUNCTION = YES;
				GCC_WARN_UNUSED_VARIABLE = YES;
				IPHONEOS_DEPLOYMENT_TARGET = 8.0;
				MTL_ENABLE_DEBUG_INFO = NO;
				SDKROOT = iphoneos;
				VALIDATE_PRODUCT = YES;
			};
			name = Release;
		};
		319A7A441983565800E94C62 /* Debug */ = {
			isa = XCBuildConfiguration;
			buildSettings = {
				ASSETCATALOG_COMPILER_APPICON_NAME = AppIcon;
				ASSETCATALOG_COMPILER_LAUNCHIMAGE_NAME = LaunchImage;
				INFOPLIST_FILE = quickshot/Info.plist;
				LD_RUNPATH_SEARCH_PATHS = "$(inherited) @executable_path/Frameworks";
				PRODUCT_NAME = "$(TARGET_NAME)";
			};
			name = Debug;
		};
		319A7A451983565800E94C62 /* Release */ = {
			isa = XCBuildConfiguration;
			buildSettings = {
				ASSETCATALOG_COMPILER_APPICON_NAME = AppIcon;
				ASSETCATALOG_COMPILER_LAUNCHIMAGE_NAME = LaunchImage;
				INFOPLIST_FILE = quickshot/Info.plist;
				LD_RUNPATH_SEARCH_PATHS = "$(inherited) @executable_path/Frameworks";
				PRODUCT_NAME = "$(TARGET_NAME)";
			};
			name = Release;
		};
		319A7A471983565800E94C62 /* Debug */ = {
			isa = XCBuildConfiguration;
			buildSettings = {
				BUNDLE_LOADER = "$(BUILT_PRODUCTS_DIR)/quickshot.app/quickshot";
				FRAMEWORK_SEARCH_PATHS = (
					"$(SDKROOT)/Developer/Library/Frameworks",
					"$(inherited)",
				);
				GCC_PREPROCESSOR_DEFINITIONS = (
					"DEBUG=1",
					"$(inherited)",
				);
				INFOPLIST_FILE = quickshotTests/Info.plist;
				LD_RUNPATH_SEARCH_PATHS = "$(inherited) @executable_path/Frameworks @loader_path/Frameworks";
				PRODUCT_NAME = "$(TARGET_NAME)";
				TEST_HOST = "$(BUNDLE_LOADER)";
			};
			name = Debug;
		};
		319A7A481983565800E94C62 /* Release */ = {
			isa = XCBuildConfiguration;
			buildSettings = {
				BUNDLE_LOADER = "$(BUILT_PRODUCTS_DIR)/quickshot.app/quickshot";
				FRAMEWORK_SEARCH_PATHS = (
					"$(SDKROOT)/Developer/Library/Frameworks",
					"$(inherited)",
				);
				INFOPLIST_FILE = quickshotTests/Info.plist;
				LD_RUNPATH_SEARCH_PATHS = "$(inherited) @executable_path/Frameworks @loader_path/Frameworks";
				PRODUCT_NAME = "$(TARGET_NAME)";
				TEST_HOST = "$(BUNDLE_LOADER)";
			};
			name = Release;
		};
/* End XCBuildConfiguration section */

/* Begin XCConfigurationList section */
		319A7A221983565800E94C62 /* Build configuration list for PBXProject "quickshot" */ = {
			isa = XCConfigurationList;
			buildConfigurations = (
				319A7A411983565800E94C62 /* Debug */,
				319A7A421983565800E94C62 /* Release */,
			);
			defaultConfigurationIsVisible = 0;
			defaultConfigurationName = Release;
		};
		319A7A431983565800E94C62 /* Build configuration list for PBXNativeTarget "quickshot" */ = {
			isa = XCConfigurationList;
			buildConfigurations = (
				319A7A441983565800E94C62 /* Debug */,
				319A7A451983565800E94C62 /* Release */,
			);
			defaultConfigurationIsVisible = 0;
			defaultConfigurationName = Release;
		};
		319A7A461983565800E94C62 /* Build configuration list for PBXNativeTarget "quickshotTests" */ = {
			isa = XCConfigurationList;
			buildConfigurations = (
				319A7A471983565800E94C62 /* Debug */,
				319A7A481983565800E94C62 /* Release */,
			);
			defaultConfigurationIsVisible = 0;
			defaultConfigurationName = Release;
		};
/* End XCConfigurationList section */
	};
	rootObject = 319A7A1F1983565800E94C62 /* Project object */;
}
